github.com/alexpevzner/goipp v0.0.0-20200130210704-62ffd1d30a12 h1:h+/eayh1aQ6IkfZAFGbu9dwkOOLvB9w+dCIkkVk5iLM=
github.com/alexpevzner/goipp v0.0.0-20200130210704-62ffd1d30a12/go.mod h1:Z8NMw5agf1X4n88hCIQZdPrupXmCAFneg05NEyg4HZU=
gopkg.in/ini.v1 v1.51.1 h1:GyboHr4UqMiLUybYjd22ZjQIKEJEpgtLXtuGbR21Oho=
gopkg.in/ini.v1 v1.51.1/go.mod h1:pNLf8WUiyNEtQjuu5G5vTm06TEv9tsIgeAvK8hOrP4k=
